# THIS IS AN AUTOGENERATED FILE. DO NOT EDIT THIS FILE DIRECTLY.
# yarn lockfile v1


"@phc/format@^1.0.0":
  version "1.0.0"
  resolved "https://registry.yarnpkg.com/@phc/format/-/format-1.0.0.tgz#b5627003b3216dc4362125b13f48a4daa76680e4"
  integrity sha512-m7X9U6BG2+J+R1lSOdCiITLLrxm+cWlNI3HUFA92oLO77ObGNzaKdh8pMLqdZcshtkKuV84olNNXDfMc4FezBQ==

argon2@^0.40.1:
  version "0.40.1"
  resolved "https://registry.yarnpkg.com/argon2/-/argon2-0.40.1.tgz#52e059d2606938b05c97e3702ee2c689993f8f9e"
  integrity sha512-DjtHDwd7pm12qeWyfihHoM8Bn5vGcgH6sKwgPqwNYroRmxlrzadHEvMyuvQxN/V8YSyRRKD5x6ito09q1e9OyA==
  dependencies:
    "@phc/format" "^1.0.0"
    node-addon-api "^7.1.0"
    node-gyp-build "^4.8.0"

node-addon-api@^7.1.0:
  version "7.1.0"
  resolved "https://registry.yarnpkg.com/node-addon-api/-/node-addon-api-7.1.0.tgz#71f609369379c08e251c558527a107107b5e0fdb"
  integrity sha512-mNcltoe1R8o7STTegSOHdnJNN7s5EUvhoS7ShnTHDyOSd+8H+UdWODq6qSv67PjC8Zc5JRT8+oLAMCr0SIXw7g==

node-gyp-build@^4.8.0:
  version "4.8.0"
  resolved "https://registry.yarnpkg.com/node-gyp-build/-/node-gyp-build-4.8.0.tgz#3fee9c1731df4581a3f9ead74664369ff00d26dd"
  integrity sha512-u6fs2AEUljNho3EYTJNBfImO5QTo/J/1Etd+NVdCj7qWKUSN/bSLkZwhDv7I+w/MSC6qJ4cknepkAYykDdK8og==
